
Microsoft Visual Studio Solution File, Format Version 12.00
# Visual Studio 2013
VisualStudioVersion = 12.0.21005.1
MinimumVisualStudioVersion = 10.0.40219.1
Project("{FAE04EC0-301F-11D3-BF4B-00C04F79EFBC}") = "opc", "test\opc\opc.csproj", "{6F7FF962-89D6-437F-B915-05CE2BE0466B}"
EndProject
Project("{2150E333-8FDC-42A3-9474-1A3956D46DE8}") = "test", "test", "{EA7D7CC1-1010-423A-85D1-3BAF1A252F3D}"
EndProject
Project("{2150E333-8FDC-42A3-9474-1A3956D46DE8}") = "src", "src", "{6C5AB1FE-27A2-4600-9D56-95EDA68730EC}"
EndProject
Project("{FAE04EC0-301F-11D3-BF4B-00C04F79EFBC}") = "opc", "src\dev\opc\opc.csproj", "{A31FFE6F-A705-4672-B895-4C22E36A44CC}"
EndProject
Project("{2150E333-8FDC-42A3-9474-1A3956D46DE8}") = "ref", "ref", "{E2073AE8-0CDE-44BD-B0F1-9A14C27C672B}"
	ProjectSection(SolutionItems) = preProject
		ref\opcdaauto-register-as-administrator.bat = ref\opcdaauto-register-as-administrator.bat
		ref\OPCDAAuto.dll = ref\OPCDAAuto.dll
		ref\petecat.dll = ref\petecat.dll
		ref\petecat.pdb = ref\petecat.pdb
	EndProjectSection
EndProject
Project("{2150E333-8FDC-42A3-9474-1A3956D46DE8}") = "dev", "dev", "{7A37EA44-7D6C-4CC2-A2BB-EC7513A1BD48}"
EndProject
Project("{FAE04EC0-301F-11D3-BF4B-00C04F79EFBC}") = "brother", "src\dev\brother\brother.csproj", "{D1028400-0265-47E7-BBFD-A51D44C83D51}"
EndProject
Project("{FAE04EC0-301F-11D3-BF4B-00C04F79EFBC}") = "dev", "test\dev\dev.csproj", "{DEE3BD04-F95A-4CF6-8FAA-D8B06A774B4C}"
EndProject
Project("{FAE04EC0-301F-11D3-BF4B-00C04F79EFBC}") = "dev", "src\dev\dev\dev.csproj", "{7DFF4B27-F302-4F76-ABA6-8B1F5F5944A7}"
EndProject
Project("{FAE04EC0-301F-11D3-BF4B-00C04F79EFBC}") = "fanuc", "src\dev\fanuc\fanuc.csproj", "{7C69A2B5-4C13-4AA5-B47B-64DA48E2046C}"
EndProject
Project("{2150E333-8FDC-42A3-9474-1A3956D46DE8}") = "rest", "rest", "{E00852B8-1CC9-49AC-B22D-555E00C76C03}"
EndProject
Project("{FAE04EC0-301F-11D3-BF4B-00C04F79EFBC}") = "host", "src\rest\host\host.csproj", "{3C8E664E-DA59-4D2B-BC47-3DC7F78D4E96}"
EndProject
Project("{FAE04EC0-301F-11D3-BF4B-00C04F79EFBC}") = "interface", "src\rest\interface\interface.csproj", "{CE03BC90-E59A-4301-B13F-B67A6B1B0491}"
EndProject
Project("{FAE04EC0-301F-11D3-BF4B-00C04F79EFBC}") = "implement", "src\rest\implement\implement.csproj", "{2A1EF5E3-FB1B-4EF0-809B-205F280DF3D0}"
EndProject
Project("{FAE04EC0-301F-11D3-BF4B-00C04F79EFBC}") = "servicemodel", "src\rest\model\servicemodel.csproj", "{1835D767-04FE-4649-926A-CE091DE0BACE}"
EndProject
Project("{2150E333-8FDC-42A3-9474-1A3956D46DE8}") = "data", "data", "{2CAC2362-6C46-430C-ABBE-F4ED5877C0D3}"
EndProject
Project("{FAE04EC0-301F-11D3-BF4B-00C04F79EFBC}") = "db", "src\data\db\db.csproj", "{636151FC-2D24-4E7F-9C11-76074A184B5A}"
EndProject
Project("{FAE04EC0-301F-11D3-BF4B-00C04F79EFBC}") = "rest", "test\rest\rest.csproj", "{C3ED8CA3-35E0-4359-B4D7-1E242F918581}"
EndProject
Project("{2150E333-8FDC-42A3-9474-1A3956D46DE8}") = "scripts", "scripts", "{0CF6FB75-55C0-493E-8366-2760562018D0}"
	ProjectSection(SolutionItems) = preProject
		src\scripts\coredb.sql = src\scripts\coredb.sql
	EndProjectSection
EndProject
Project("{2150E333-8FDC-42A3-9474-1A3956D46DE8}") = "impl", "impl", "{E34133C3-213E-49C9-BA49-1D373C5447D9}"
EndProject
Project("{FAE04EC0-301F-11D3-BF4B-00C04F79EFBC}") = "impl.deviceinfo", "src\rest\impl\deviceinfo\impl.deviceinfo.csproj", "{9808FF61-BBC0-418B-B477-9AF470F9055B}"
EndProject
Project("{FAE04EC0-301F-11D3-BF4B-00C04F79EFBC}") = "impl.maintenanceinfo", "src\rest\impl\maintenanceinfo\impl.maintenanceinfo.csproj", "{E479ECDA-9253-4723-B0A2-84AB545AB278}"
EndProject
Project("{2150E333-8FDC-42A3-9474-1A3956D46DE8}") = "website", "website", "{BD2B1326-D65F-4B05-9985-4B77C85408A1}"
EndProject
Project("{FAE04EC0-301F-11D3-BF4B-00C04F79EFBC}") = "app", "src\dev\app\app.csproj", "{2AA4151A-66D6-4618-B085-B1F2435E3978}"
EndProject
Project("{FAE04EC0-301F-11D3-BF4B-00C04F79EFBC}") = "ui", "src\website\ui\ui.csproj", "{027891D6-BB58-46A5-9074-E58A27DA38D3}"
EndProject
Project("{FAE04EC0-301F-11D3-BF4B-00C04F79EFBC}") = "model", "src\website\model\model.csproj", "{C636BE24-7DDC-49DD-93D1-C4279B4E24BE}"
EndProject
Project("{FAE04EC0-301F-11D3-BF4B-00C04F79EFBC}") = "proxy", "src\website\proxy\proxy.csproj", "{55B8D907-7B84-46D4-8801-811DDB3B0116}"
EndProject
Project("{FAE04EC0-301F-11D3-BF4B-00C04F79EFBC}") = "jobs", "src\data\jobs\jobs.csproj", "{EA01BBCC-5367-4C5E-BA75-1C7E1990BA12}"
EndProject
Project("{FAE04EC0-301F-11D3-BF4B-00C04F79EFBC}") = "app", "src\data\app\app.csproj", "{02A3E405-DBD8-4E9E-BB2E-F88FFD48FD04}"
EndProject
Project("{FAE04EC0-301F-11D3-BF4B-00C04F79EFBC}") = "impl.inspectioninfo", "src\rest\impl\inspectioninfo\impl.inspectioninfo.csproj", "{364E6638-7E33-474F-9346-B3192C020EA9}"
EndProject
Project("{FAE04EC0-301F-11D3-BF4B-00C04F79EFBC}") = "impl.devicerepairinfo", "src\rest\impl\repairinfo\impl.devicerepairinfo.csproj", "{FAF511AA-B6F4-4E42-A8DE-407C2CFE642C}"
EndProject
Project("{FAE04EC0-301F-11D3-BF4B-00C04F79EFBC}") = "impl.devicestateinfo", "src\rest\impl\devicestateinfo\impl.devicestateinfo.csproj", "{BD39203C-C773-40EE-8A1B-5E9A66BD3A6F}"
EndProject
Project("{FAE04EC0-301F-11D3-BF4B-00C04F79EFBC}") = "configuration", "src\website\configuration\configuration.csproj", "{D99C57C7-02E8-4406-A75D-CADCDE54E546}"
EndProject
Project("{2150E333-8FDC-42A3-9474-1A3956D46DE8}") = "repo", "repo", "{E6EDA77C-E05D-4AE1-88D9-C953D91251E2}"
EndProject
Project("{FAE04EC0-301F-11D3-BF4B-00C04F79EFBC}") = "repomodel", "src\repo\model\repomodel.csproj", "{1226362A-FF13-4003-BFC0-59D1DBFF6465}"
EndProject
Project("{FAE04EC0-301F-11D3-BF4B-00C04F79EFBC}") = "transfer", "src\rest\transfer\transfer.csproj", "{EBA05E9A-E5BF-411D-9DAF-602B1B92BED3}"
EndProject
Project("{FAE04EC0-301F-11D3-BF4B-00C04F79EFBC}") = "impl.common", "src\rest\impl\common\impl.common.csproj", "{598853D5-3FEB-41F9-8347-7144D044CC6B}"
EndProject
Project("{FAE04EC0-301F-11D3-BF4B-00C04F79EFBC}") = "impl.sparepartinfo", "src\rest\impl\sparepartinfo\impl.sparepartinfo.csproj", "{859E6F16-6CB0-481C-9ACA-59B78A1EFC6C}"
EndProject
Project("{FAE04EC0-301F-11D3-BF4B-00C04F79EFBC}") = "impl.checkpointinfo", "src\rest\impl\checkpointinfo\impl.checkpointinfo.csproj", "{F7A033FF-1B99-4743-8347-582388E4E4D8}"
EndProject
Project("{2150E333-8FDC-42A3-9474-1A3956D46DE8}") = "repository", "repository", "{AEF167D3-C840-4C69-BABD-2AD80A318D3E}"
EndProject
Project("{FAE04EC0-301F-11D3-BF4B-00C04F79EFBC}") = "repository.sparepartinfo", "src\rest\repository\sparepartinfo\repository.sparepartinfo.csproj", "{4DA128EC-40CB-4412-904E-E529DD287B21}"
EndProject
Project("{FAE04EC0-301F-11D3-BF4B-00C04F79EFBC}") = "repository.checkpointinfo", "src\rest\repository\checkpointinfo\repository.checkpointinfo.csproj", "{256AD1A3-A0E0-4C43-B464-86A32760FA2A}"
EndProject
Project("{FAE04EC0-301F-11D3-BF4B-00C04F79EFBC}") = "repository.deviceinfo", "src\rest\repository\deviceinfo\repository.deviceinfo.csproj", "{406DB6BB-90B2-4169-AC97-BF97A1DB9C70}"
EndProject
Global
	GlobalSection(SolutionConfigurationPlatforms) = preSolution
		Debug|Any CPU = Debug|Any CPU
		Release|Any CPU = Release|Any CPU
	EndGlobalSection
	GlobalSection(ProjectConfigurationPlatforms) = postSolution
		{6F7FF962-89D6-437F-B915-05CE2BE0466B}.Debug|Any CPU.ActiveCfg = Debug|Any CPU
		{6F7FF962-89D6-437F-B915-05CE2BE0466B}.Debug|Any CPU.Build.0 = Debug|Any CPU
		{6F7FF962-89D6-437F-B915-05CE2BE0466B}.Release|Any CPU.ActiveCfg = Release|Any CPU
		{6F7FF962-89D6-437F-B915-05CE2BE0466B}.Release|Any CPU.Build.0 = Release|Any CPU
		{A31FFE6F-A705-4672-B895-4C22E36A44CC}.Debug|Any CPU.ActiveCfg = Debug|Any CPU
		{A31FFE6F-A705-4672-B895-4C22E36A44CC}.Debug|Any CPU.Build.0 = Debug|Any CPU
		{A31FFE6F-A705-4672-B895-4C22E36A44CC}.Release|Any CPU.ActiveCfg = Release|Any CPU
		{A31FFE6F-A705-4672-B895-4C22E36A44CC}.Release|Any CPU.Build.0 = Release|Any CPU
		{D1028400-0265-47E7-BBFD-A51D44C83D51}.Debug|Any CPU.ActiveCfg = Debug|Any CPU
		{D1028400-0265-47E7-BBFD-A51D44C83D51}.Debug|Any CPU.Build.0 = Debug|Any CPU
		{D1028400-0265-47E7-BBFD-A51D44C83D51}.Release|Any CPU.ActiveCfg = Release|Any CPU
		{D1028400-0265-47E7-BBFD-A51D44C83D51}.Release|Any CPU.Build.0 = Release|Any CPU
		{DEE3BD04-F95A-4CF6-8FAA-D8B06A774B4C}.Debug|Any CPU.ActiveCfg = Debug|Any CPU
		{DEE3BD04-F95A-4CF6-8FAA-D8B06A774B4C}.Debug|Any CPU.Build.0 = Debug|Any CPU
		{DEE3BD04-F95A-4CF6-8FAA-D8B06A774B4C}.Release|Any CPU.ActiveCfg = Release|Any CPU
		{DEE3BD04-F95A-4CF6-8FAA-D8B06A774B4C}.Release|Any CPU.Build.0 = Release|Any CPU
		{7DFF4B27-F302-4F76-ABA6-8B1F5F5944A7}.Debug|Any CPU.ActiveCfg = Debug|Any CPU
		{7DFF4B27-F302-4F76-ABA6-8B1F5F5944A7}.Debug|Any CPU.Build.0 = Debug|Any CPU
		{7DFF4B27-F302-4F76-ABA6-8B1F5F5944A7}.Release|Any CPU.ActiveCfg = Release|Any CPU
		{7DFF4B27-F302-4F76-ABA6-8B1F5F5944A7}.Release|Any CPU.Build.0 = Release|Any CPU
		{7C69A2B5-4C13-4AA5-B47B-64DA48E2046C}.Debug|Any CPU.ActiveCfg = Debug|Any CPU
		{7C69A2B5-4C13-4AA5-B47B-64DA48E2046C}.Debug|Any CPU.Build.0 = Debug|Any CPU
		{7C69A2B5-4C13-4AA5-B47B-64DA48E2046C}.Release|Any CPU.ActiveCfg = Release|Any CPU
		{7C69A2B5-4C13-4AA5-B47B-64DA48E2046C}.Release|Any CPU.Build.0 = Release|Any CPU
		{3C8E664E-DA59-4D2B-BC47-3DC7F78D4E96}.Debug|Any CPU.ActiveCfg = Debug|Any CPU
		{3C8E664E-DA59-4D2B-BC47-3DC7F78D4E96}.Debug|Any CPU.Build.0 = Debug|Any CPU
		{3C8E664E-DA59-4D2B-BC47-3DC7F78D4E96}.Release|Any CPU.ActiveCfg = Release|Any CPU
		{3C8E664E-DA59-4D2B-BC47-3DC7F78D4E96}.Release|Any CPU.Build.0 = Release|Any CPU
		{CE03BC90-E59A-4301-B13F-B67A6B1B0491}.Debug|Any CPU.ActiveCfg = Debug|Any CPU
		{CE03BC90-E59A-4301-B13F-B67A6B1B0491}.Debug|Any CPU.Build.0 = Debug|Any CPU
		{CE03BC90-E59A-4301-B13F-B67A6B1B0491}.Release|Any CPU.ActiveCfg = Release|Any CPU
		{CE03BC90-E59A-4301-B13F-B67A6B1B0491}.Release|Any CPU.Build.0 = Release|Any CPU
		{2A1EF5E3-FB1B-4EF0-809B-205F280DF3D0}.Debug|Any CPU.ActiveCfg = Debug|Any CPU
		{2A1EF5E3-FB1B-4EF0-809B-205F280DF3D0}.Debug|Any CPU.Build.0 = Debug|Any CPU
		{2A1EF5E3-FB1B-4EF0-809B-205F280DF3D0}.Release|Any CPU.ActiveCfg = Release|Any CPU
		{2A1EF5E3-FB1B-4EF0-809B-205F280DF3D0}.Release|Any CPU.Build.0 = Release|Any CPU
		{1835D767-04FE-4649-926A-CE091DE0BACE}.Debug|Any CPU.ActiveCfg = Debug|Any CPU
		{1835D767-04FE-4649-926A-CE091DE0BACE}.Debug|Any CPU.Build.0 = Debug|Any CPU
		{1835D767-04FE-4649-926A-CE091DE0BACE}.Release|Any CPU.ActiveCfg = Release|Any CPU
		{1835D767-04FE-4649-926A-CE091DE0BACE}.Release|Any CPU.Build.0 = Release|Any CPU
		{636151FC-2D24-4E7F-9C11-76074A184B5A}.Debug|Any CPU.ActiveCfg = Debug|Any CPU
		{636151FC-2D24-4E7F-9C11-76074A184B5A}.Debug|Any CPU.Build.0 = Debug|Any CPU
		{636151FC-2D24-4E7F-9C11-76074A184B5A}.Release|Any CPU.ActiveCfg = Release|Any CPU
		{636151FC-2D24-4E7F-9C11-76074A184B5A}.Release|Any CPU.Build.0 = Release|Any CPU
		{C3ED8CA3-35E0-4359-B4D7-1E242F918581}.Debug|Any CPU.ActiveCfg = Debug|Any CPU
		{C3ED8CA3-35E0-4359-B4D7-1E242F918581}.Debug|Any CPU.Build.0 = Debug|Any CPU
		{C3ED8CA3-35E0-4359-B4D7-1E242F918581}.Release|Any CPU.ActiveCfg = Release|Any CPU
		{C3ED8CA3-35E0-4359-B4D7-1E242F918581}.Release|Any CPU.Build.0 = Release|Any CPU
		{9808FF61-BBC0-418B-B477-9AF470F9055B}.Debug|Any CPU.ActiveCfg = Debug|Any CPU
		{9808FF61-BBC0-418B-B477-9AF470F9055B}.Debug|Any CPU.Build.0 = Debug|Any CPU
		{9808FF61-BBC0-418B-B477-9AF470F9055B}.Release|Any CPU.ActiveCfg = Release|Any CPU
		{9808FF61-BBC0-418B-B477-9AF470F9055B}.Release|Any CPU.Build.0 = Release|Any CPU
		{E479ECDA-9253-4723-B0A2-84AB545AB278}.Debug|Any CPU.ActiveCfg = Debug|Any CPU
		{E479ECDA-9253-4723-B0A2-84AB545AB278}.Debug|Any CPU.Build.0 = Debug|Any CPU
		{E479ECDA-9253-4723-B0A2-84AB545AB278}.Release|Any CPU.ActiveCfg = Release|Any CPU
		{E479ECDA-9253-4723-B0A2-84AB545AB278}.Release|Any CPU.Build.0 = Release|Any CPU
		{2AA4151A-66D6-4618-B085-B1F2435E3978}.Debug|Any CPU.ActiveCfg = Debug|Any CPU
		{2AA4151A-66D6-4618-B085-B1F2435E3978}.Debug|Any CPU.Build.0 = Debug|Any CPU
		{2AA4151A-66D6-4618-B085-B1F2435E3978}.Release|Any CPU.ActiveCfg = Release|Any CPU
		{2AA4151A-66D6-4618-B085-B1F2435E3978}.Release|Any CPU.Build.0 = Release|Any CPU
		{027891D6-BB58-46A5-9074-E58A27DA38D3}.Debug|Any CPU.ActiveCfg = Debug|Any CPU
		{027891D6-BB58-46A5-9074-E58A27DA38D3}.Debug|Any CPU.Build.0 = Debug|Any CPU
		{027891D6-BB58-46A5-9074-E58A27DA38D3}.Release|Any CPU.ActiveCfg = Release|Any CPU
		{027891D6-BB58-46A5-9074-E58A27DA38D3}.Release|Any CPU.Build.0 = Release|Any CPU
		{C636BE24-7DDC-49DD-93D1-C4279B4E24BE}.Debug|Any CPU.ActiveCfg = Debug|Any CPU
		{C636BE24-7DDC-49DD-93D1-C4279B4E24BE}.Debug|Any CPU.Build.0 = Debug|Any CPU
		{C636BE24-7DDC-49DD-93D1-C4279B4E24BE}.Release|Any CPU.ActiveCfg = Release|Any CPU
		{C636BE24-7DDC-49DD-93D1-C4279B4E24BE}.Release|Any CPU.Build.0 = Release|Any CPU
		{55B8D907-7B84-46D4-8801-811DDB3B0116}.Debug|Any CPU.ActiveCfg = Debug|Any CPU
		{55B8D907-7B84-46D4-8801-811DDB3B0116}.Debug|Any CPU.Build.0 = Debug|Any CPU
		{55B8D907-7B84-46D4-8801-811DDB3B0116}.Release|Any CPU.ActiveCfg = Release|Any CPU
		{55B8D907-7B84-46D4-8801-811DDB3B0116}.Release|Any CPU.Build.0 = Release|Any CPU
		{EA01BBCC-5367-4C5E-BA75-1C7E1990BA12}.Debug|Any CPU.ActiveCfg = Debug|Any CPU
		{EA01BBCC-5367-4C5E-BA75-1C7E1990BA12}.Debug|Any CPU.Build.0 = Debug|Any CPU
		{EA01BBCC-5367-4C5E-BA75-1C7E1990BA12}.Release|Any CPU.ActiveCfg = Release|Any CPU
		{EA01BBCC-5367-4C5E-BA75-1C7E1990BA12}.Release|Any CPU.Build.0 = Release|Any CPU
		{02A3E405-DBD8-4E9E-BB2E-F88FFD48FD04}.Debug|Any CPU.ActiveCfg = Debug|Any CPU
		{02A3E405-DBD8-4E9E-BB2E-F88FFD48FD04}.Debug|Any CPU.Build.0 = Debug|Any CPU
		{02A3E405-DBD8-4E9E-BB2E-F88FFD48FD04}.Release|Any CPU.ActiveCfg = Release|Any CPU
		{02A3E405-DBD8-4E9E-BB2E-F88FFD48FD04}.Release|Any CPU.Build.0 = Release|Any CPU
		{364E6638-7E33-474F-9346-B3192C020EA9}.Debug|Any CPU.ActiveCfg = Debug|Any CPU
		{364E6638-7E33-474F-9346-B3192C020EA9}.Debug|Any CPU.Build.0 = Debug|Any CPU
		{364E6638-7E33-474F-9346-B3192C020EA9}.Release|Any CPU.ActiveCfg = Release|Any CPU
		{364E6638-7E33-474F-9346-B3192C020EA9}.Release|Any CPU.Build.0 = Release|Any CPU
		{FAF511AA-B6F4-4E42-A8DE-407C2CFE642C}.Debug|Any CPU.ActiveCfg = Debug|Any CPU
		{FAF511AA-B6F4-4E42-A8DE-407C2CFE642C}.Debug|Any CPU.Build.0 = Debug|Any CPU
		{FAF511AA-B6F4-4E42-A8DE-407C2CFE642C}.Release|Any CPU.ActiveCfg = Release|Any CPU
		{FAF511AA-B6F4-4E42-A8DE-407C2CFE642C}.Release|Any CPU.Build.0 = Release|Any CPU
		{BD39203C-C773-40EE-8A1B-5E9A66BD3A6F}.Debug|Any CPU.ActiveCfg = Debug|Any CPU
		{BD39203C-C773-40EE-8A1B-5E9A66BD3A6F}.Debug|Any CPU.Build.0 = Debug|Any CPU
		{BD39203C-C773-40EE-8A1B-5E9A66BD3A6F}.Release|Any CPU.ActiveCfg = Release|Any CPU
		{BD39203C-C773-40EE-8A1B-5E9A66BD3A6F}.Release|Any CPU.Build.0 = Release|Any CPU
		{D99C57C7-02E8-4406-A75D-CADCDE54E546}.Debug|Any CPU.ActiveCfg = Debug|Any CPU
		{D99C57C7-02E8-4406-A75D-CADCDE54E546}.Debug|Any CPU.Build.0 = Debug|Any CPU
		{D99C57C7-02E8-4406-A75D-CADCDE54E546}.Release|Any CPU.ActiveCfg = Release|Any CPU
		{D99C57C7-02E8-4406-A75D-CADCDE54E546}.Release|Any CPU.Build.0 = Release|Any CPU
		{1226362A-FF13-4003-BFC0-59D1DBFF6465}.Debug|Any CPU.ActiveCfg = Debug|Any CPU
		{1226362A-FF13-4003-BFC0-59D1DBFF6465}.Debug|Any CPU.Build.0 = Debug|Any CPU
		{1226362A-FF13-4003-BFC0-59D1DBFF6465}.Release|Any CPU.ActiveCfg = Release|Any CPU
		{1226362A-FF13-4003-BFC0-59D1DBFF6465}.Release|Any CPU.Build.0 = Release|Any CPU
		{EBA05E9A-E5BF-411D-9DAF-602B1B92BED3}.Debug|Any CPU.ActiveCfg = Debug|Any CPU
		{EBA05E9A-E5BF-411D-9DAF-602B1B92BED3}.Debug|Any CPU.Build.0 = Debug|Any CPU
		{EBA05E9A-E5BF-411D-9DAF-602B1B92BED3}.Release|Any CPU.ActiveCfg = Release|Any CPU
		{EBA05E9A-E5BF-411D-9DAF-602B1B92BED3}.Release|Any CPU.Build.0 = Release|Any CPU
		{598853D5-3FEB-41F9-8347-7144D044CC6B}.Debug|Any CPU.ActiveCfg = Debug|Any CPU
		{598853D5-3FEB-41F9-8347-7144D044CC6B}.Debug|Any CPU.Build.0 = Debug|Any CPU
		{598853D5-3FEB-41F9-8347-7144D044CC6B}.Release|Any CPU.ActiveCfg = Release|Any CPU
		{598853D5-3FEB-41F9-8347-7144D044CC6B}.Release|Any CPU.Build.0 = Release|Any CPU
		{859E6F16-6CB0-481C-9ACA-59B78A1EFC6C}.Debug|Any CPU.ActiveCfg = Debug|Any CPU
		{859E6F16-6CB0-481C-9ACA-59B78A1EFC6C}.Debug|Any CPU.Build.0 = Debug|Any CPU
		{859E6F16-6CB0-481C-9ACA-59B78A1EFC6C}.Release|Any CPU.ActiveCfg = Release|Any CPU
		{859E6F16-6CB0-481C-9ACA-59B78A1EFC6C}.Release|Any CPU.Build.0 = Release|Any CPU
		{F7A033FF-1B99-4743-8347-582388E4E4D8}.Debug|Any CPU.ActiveCfg = Debug|Any CPU
		{F7A033FF-1B99-4743-8347-582388E4E4D8}.Debug|Any CPU.Build.0 = Debug|Any CPU
		{F7A033FF-1B99-4743-8347-582388E4E4D8}.Release|Any CPU.ActiveCfg = Release|Any CPU
		{F7A033FF-1B99-4743-8347-582388E4E4D8}.Release|Any CPU.Build.0 = Release|Any CPU
		{4DA128EC-40CB-4412-904E-E529DD287B21}.Debug|Any CPU.ActiveCfg = Debug|Any CPU
		{4DA128EC-40CB-4412-904E-E529DD287B21}.Debug|Any CPU.Build.0 = Debug|Any CPU
		{4DA128EC-40CB-4412-904E-E529DD287B21}.Release|Any CPU.ActiveCfg = Release|Any CPU
		{4DA128EC-40CB-4412-904E-E529DD287B21}.Release|Any CPU.Build.0 = Release|Any CPU
		{256AD1A3-A0E0-4C43-B464-86A32760FA2A}.Debug|Any CPU.ActiveCfg = Debug|Any CPU
		{256AD1A3-A0E0-4C43-B464-86A32760FA2A}.Debug|Any CPU.Build.0 = Debug|Any CPU
		{256AD1A3-A0E0-4C43-B464-86A32760FA2A}.Release|Any CPU.ActiveCfg = Release|Any CPU
		{256AD1A3-A0E0-4C43-B464-86A32760FA2A}.Release|Any CPU.Build.0 = Release|Any CPU
		{406DB6BB-90B2-4169-AC97-BF97A1DB9C70}.Debug|Any CPU.ActiveCfg = Debug|Any CPU
		{406DB6BB-90B2-4169-AC97-BF97A1DB9C70}.Debug|Any CPU.Build.0 = Debug|Any CPU
		{406DB6BB-90B2-4169-AC97-BF97A1DB9C70}.Release|Any CPU.ActiveCfg = Release|Any CPU
		{406DB6BB-90B2-4169-AC97-BF97A1DB9C70}.Release|Any CPU.Build.0 = Release|Any CPU
	EndGlobalSection
	GlobalSection(SolutionProperties) = preSolution
		HideSolutionNode = FALSE
	EndGlobalSection
	GlobalSection(NestedProjects) = preSolution
		{6F7FF962-89D6-437F-B915-05CE2BE0466B} = {EA7D7CC1-1010-423A-85D1-3BAF1A252F3D}
		{DEE3BD04-F95A-4CF6-8FAA-D8B06A774B4C} = {EA7D7CC1-1010-423A-85D1-3BAF1A252F3D}
		{C3ED8CA3-35E0-4359-B4D7-1E242F918581} = {EA7D7CC1-1010-423A-85D1-3BAF1A252F3D}
		{7A37EA44-7D6C-4CC2-A2BB-EC7513A1BD48} = {6C5AB1FE-27A2-4600-9D56-95EDA68730EC}
		{E00852B8-1CC9-49AC-B22D-555E00C76C03} = {6C5AB1FE-27A2-4600-9D56-95EDA68730EC}
		{2CAC2362-6C46-430C-ABBE-F4ED5877C0D3} = {6C5AB1FE-27A2-4600-9D56-95EDA68730EC}
		{0CF6FB75-55C0-493E-8366-2760562018D0} = {6C5AB1FE-27A2-4600-9D56-95EDA68730EC}
		{BD2B1326-D65F-4B05-9985-4B77C85408A1} = {6C5AB1FE-27A2-4600-9D56-95EDA68730EC}
		{E6EDA77C-E05D-4AE1-88D9-C953D91251E2} = {6C5AB1FE-27A2-4600-9D56-95EDA68730EC}
		{A31FFE6F-A705-4672-B895-4C22E36A44CC} = {7A37EA44-7D6C-4CC2-A2BB-EC7513A1BD48}
		{D1028400-0265-47E7-BBFD-A51D44C83D51} = {7A37EA44-7D6C-4CC2-A2BB-EC7513A1BD48}
		{7DFF4B27-F302-4F76-ABA6-8B1F5F5944A7} = {7A37EA44-7D6C-4CC2-A2BB-EC7513A1BD48}
		{7C69A2B5-4C13-4AA5-B47B-64DA48E2046C} = {7A37EA44-7D6C-4CC2-A2BB-EC7513A1BD48}
		{2AA4151A-66D6-4618-B085-B1F2435E3978} = {7A37EA44-7D6C-4CC2-A2BB-EC7513A1BD48}
		{3C8E664E-DA59-4D2B-BC47-3DC7F78D4E96} = {E00852B8-1CC9-49AC-B22D-555E00C76C03}
		{CE03BC90-E59A-4301-B13F-B67A6B1B0491} = {E00852B8-1CC9-49AC-B22D-555E00C76C03}
		{2A1EF5E3-FB1B-4EF0-809B-205F280DF3D0} = {E00852B8-1CC9-49AC-B22D-555E00C76C03}
		{1835D767-04FE-4649-926A-CE091DE0BACE} = {E00852B8-1CC9-49AC-B22D-555E00C76C03}
		{E34133C3-213E-49C9-BA49-1D373C5447D9} = {E00852B8-1CC9-49AC-B22D-555E00C76C03}
		{EBA05E9A-E5BF-411D-9DAF-602B1B92BED3} = {E00852B8-1CC9-49AC-B22D-555E00C76C03}
		{AEF167D3-C840-4C69-BABD-2AD80A318D3E} = {E00852B8-1CC9-49AC-B22D-555E00C76C03}
		{636151FC-2D24-4E7F-9C11-76074A184B5A} = {2CAC2362-6C46-430C-ABBE-F4ED5877C0D3}
		{EA01BBCC-5367-4C5E-BA75-1C7E1990BA12} = {2CAC2362-6C46-430C-ABBE-F4ED5877C0D3}
		{02A3E405-DBD8-4E9E-BB2E-F88FFD48FD04} = {2CAC2362-6C46-430C-ABBE-F4ED5877C0D3}
		{9808FF61-BBC0-418B-B477-9AF470F9055B} = {E34133C3-213E-49C9-BA49-1D373C5447D9}
		{E479ECDA-9253-4723-B0A2-84AB545AB278} = {E34133C3-213E-49C9-BA49-1D373C5447D9}
		{364E6638-7E33-474F-9346-B3192C020EA9} = {E34133C3-213E-49C9-BA49-1D373C5447D9}
		{FAF511AA-B6F4-4E42-A8DE-407C2CFE642C} = {E34133C3-213E-49C9-BA49-1D373C5447D9}
		{BD39203C-C773-40EE-8A1B-5E9A66BD3A6F} = {E34133C3-213E-49C9-BA49-1D373C5447D9}
		{598853D5-3FEB-41F9-8347-7144D044CC6B} = {E34133C3-213E-49C9-BA49-1D373C5447D9}
		{859E6F16-6CB0-481C-9ACA-59B78A1EFC6C} = {E34133C3-213E-49C9-BA49-1D373C5447D9}
		{F7A033FF-1B99-4743-8347-582388E4E4D8} = {E34133C3-213E-49C9-BA49-1D373C5447D9}
		{027891D6-BB58-46A5-9074-E58A27DA38D3} = {BD2B1326-D65F-4B05-9985-4B77C85408A1}
		{C636BE24-7DDC-49DD-93D1-C4279B4E24BE} = {BD2B1326-D65F-4B05-9985-4B77C85408A1}
		{55B8D907-7B84-46D4-8801-811DDB3B0116} = {BD2B1326-D65F-4B05-9985-4B77C85408A1}
		{D99C57C7-02E8-4406-A75D-CADCDE54E546} = {BD2B1326-D65F-4B05-9985-4B77C85408A1}
		{1226362A-FF13-4003-BFC0-59D1DBFF6465} = {E6EDA77C-E05D-4AE1-88D9-C953D91251E2}
		{4DA128EC-40CB-4412-904E-E529DD287B21} = {AEF167D3-C840-4C69-BABD-2AD80A318D3E}
		{256AD1A3-A0E0-4C43-B464-86A32760FA2A} = {AEF167D3-C840-4C69-BABD-2AD80A318D3E}
		{406DB6BB-90B2-4169-AC97-BF97A1DB9C70} = {AEF167D3-C840-4C69-BABD-2AD80A318D3E}
	EndGlobalSection
EndGlobal
